
Microsoft Visual Studio Solution File, Format Version 12.00
# Visual Studio Version 17
VisualStudioVersion = 17.8.34601.278
MinimumVisualStudioVersion = 10.0.40219.1
Project("{9A19103F-16F7-4668-BE54-9A1E7A4F7556}") = "Entites", "Entites\Entites.csproj", "{4749ACD4-5DCD-4055-954B-00D81E4F5AB1}"
EndProject
Project("{9A19103F-16F7-4668-BE54-9A1E7A4F7556}") = "DataAccess", "DataAccess\DataAccess.csproj", "{D28E3207-3153-43C4-9ADF-09F40B44CE45}"
EndProject
Project("{9A19103F-16F7-4668-BE54-9A1E7A4F7556}") = "Business", "Business\Business.csproj", "{813455B2-2FF0-4AE8-9236-A52D642B18F5}"
EndProject
Project("{9A19103F-16F7-4668-BE54-9A1E7A4F7556}") = "ConsoleUI", "ConsoleUI\ConsoleUI.csproj", "{21608689-69F8-4760-ADF4-16B7EEA724D8}"
EndProject
Project("{9A19103F-16F7-4668-BE54-9A1E7A4F7556}") = "Core", "Core\Core.csproj", "{1DE3B34A-E191-4952-A0A9-F5488AF18F1B}"
EndProject
Project("{FAE04EC0-301F-11D3-BF4B-00C04F79EFBC}") = "WebAPI", "WebAPI\WebAPI.csproj", "{D8757709-ABB4-4F8B-BDF8-EAB9EA3BF0EA}"
EndProject
Global
	GlobalSection(SolutionConfigurationPlatforms) = preSolution
		Debug|Any CPU = Debug|Any CPU
		Release|Any CPU = Release|Any CPU
	EndGlobalSection
	GlobalSection(ProjectConfigurationPlatforms) = postSolution
		{4749ACD4-5DCD-4055-954B-00D81E4F5AB1}.Debug|Any CPU.ActiveCfg = Debug|Any CPU
		{4749ACD4-5DCD-4055-954B-00D81E4F5AB1}.Debug|Any CPU.Build.0 = Debug|Any CPU
		{4749ACD4-5DCD-4055-954B-00D81E4F5AB1}.Release|Any CPU.ActiveCfg = Release|Any CPU
		{4749ACD4-5DCD-4055-954B-00D81E4F5AB1}.Release|Any CPU.Build.0 = Release|Any CPU
		{D28E3207-3153-43C4-9ADF-09F40B44CE45}.Debug|Any CPU.ActiveCfg = Debug|Any CPU
		{D28E3207-3153-43C4-9ADF-09F40B44CE45}.Debug|Any CPU.Build.0 = Debug|Any CPU
		{D28E3207-3153-43C4-9ADF-09F40B44CE45}.Release|Any CPU.ActiveCfg = Release|Any CPU
		{D28E3207-3153-43C4-9ADF-09F40B44CE45}.Release|Any CPU.Build.0 = Release|Any CPU
		{813455B2-2FF0-4AE8-9236-A52D642B18F5}.Debug|Any CPU.ActiveCfg = Debug|Any CPU
		{813455B2-2FF0-4AE8-9236-A52D642B18F5}.Debug|Any CPU.Build.0 = Debug|Any CPU
		{813455B2-2FF0-4AE8-9236-A52D642B18F5}.Release|Any CPU.ActiveCfg = Release|Any CPU
		{813455B2-2FF0-4AE8-9236-A52D642B18F5}.Release|Any CPU.Build.0 = Release|Any CPU
		{21608689-69F8-4760-ADF4-16B7EEA724D8}.Debug|Any CPU.ActiveCfg = Debug|Any CPU
		{21608689-69F8-4760-ADF4-16B7EEA724D8}.Debug|Any CPU.Build.0 = Debug|Any CPU
		{21608689-69F8-4760-ADF4-16B7EEA724D8}.Release|Any CPU.ActiveCfg = Release|Any CPU
		{21608689-69F8-4760-ADF4-16B7EEA724D8}.Release|Any CPU.Build.0 = Release|Any CPU
		{1DE3B34A-E191-4952-A0A9-F5488AF18F1B}.Debug|Any CPU.ActiveCfg = Debug|Any CPU
		{1DE3B34A-E191-4952-A0A9-F5488AF18F1B}.Debug|Any CPU.Build.0 = Debug|Any CPU
		{1DE3B34A-E191-4952-A0A9-F5488AF18F1B}.Release|Any CPU.ActiveCfg = Release|Any CPU
		{1DE3B34A-E191-4952-A0A9-F5488AF18F1B}.Release|Any CPU.Build.0 = Release|Any CPU
		{D8757709-ABB4-4F8B-BDF8-EAB9EA3BF0EA}.Debug|Any CPU.ActiveCfg = Debug|Any CPU
		{D8757709-ABB4-4F8B-BDF8-EAB9EA3BF0EA}.Debug|Any CPU.Build.0 = Debug|Any CPU
		{D8757709-ABB4-4F8B-BDF8-EAB9EA3BF0EA}.Release|Any CPU.ActiveCfg = Release|Any CPU
		{D8757709-ABB4-4F8B-BDF8-EAB9EA3BF0EA}.Release|Any CPU.Build.0 = Release|Any CPU
	EndGlobalSection
	GlobalSection(SolutionProperties) = preSolution
		HideSolutionNode = FALSE
	EndGlobalSection
	GlobalSection(ExtensibilityGlobals) = postSolution
		SolutionGuid = {8C02E8F8-6829-4ABD-9C54-616BA902DD6B}
	EndGlobalSection
EndGlobal
